
Microsoft Visual Studio Solution File, Format Version 12.00
# Visual Studio 15
VisualStudioVersion = 15.0.28307.168
MinimumVisualStudioVersion = 10.0.40219.1
Project("{9A19103F-16F7-4668-BE54-9A1E7A4F7556}") = "FinalItechArt.Web", "FinalItechArt\FinalItechArt.Web.csproj", "{44A1F274-C9BA-4499-988D-A6124B0C5887}"
EndProject
Project("{9A19103F-16F7-4668-BE54-9A1E7A4F7556}") = "FinalltechArt.DB", "FinalltechArt.DB\FinalltechArt.DB.csproj", "{F5DCDE19-E8B0-43D7-B054-08251C2234BA}"
EndProject
Project("{9A19103F-16F7-4668-BE54-9A1E7A4F7556}") = "FinalltechArt.Service", "FinalltechArt.Service\FinalltechArt.Service.csproj", "{9EE3CF65-2866-46C8-8E48-9923C0185714}"
EndProject
Project("{9A19103F-16F7-4668-BE54-9A1E7A4F7556}") = "DataTransferObject", "DataTransferObject\DataTransferObject.csproj", "{499BCDD1-DF22-461B-9F8D-8E725BFFF32F}"
EndProject
Global
	GlobalSection(SolutionConfigurationPlatforms) = preSolution
		Debug|Any CPU = Debug|Any CPU
		Release|Any CPU = Release|Any CPU
	EndGlobalSection
	GlobalSection(ProjectConfigurationPlatforms) = postSolution
		{44A1F274-C9BA-4499-988D-A6124B0C5887}.Debug|Any CPU.ActiveCfg = Debug|Any CPU
		{44A1F274-C9BA-4499-988D-A6124B0C5887}.Debug|Any CPU.Build.0 = Debug|Any CPU
		{44A1F274-C9BA-4499-988D-A6124B0C5887}.Release|Any CPU.ActiveCfg = Release|Any CPU
		{44A1F274-C9BA-4499-988D-A6124B0C5887}.Release|Any CPU.Build.0 = Release|Any CPU
		{F5DCDE19-E8B0-43D7-B054-08251C2234BA}.Debug|Any CPU.ActiveCfg = Debug|Any CPU
		{F5DCDE19-E8B0-43D7-B054-08251C2234BA}.Debug|Any CPU.Build.0 = Debug|Any CPU
		{F5DCDE19-E8B0-43D7-B054-08251C2234BA}.Release|Any CPU.ActiveCfg = Release|Any CPU
		{F5DCDE19-E8B0-43D7-B054-08251C2234BA}.Release|Any CPU.Build.0 = Release|Any CPU
		{9EE3CF65-2866-46C8-8E48-9923C0185714}.Debug|Any CPU.ActiveCfg = Debug|Any CPU
		{9EE3CF65-2866-46C8-8E48-9923C0185714}.Debug|Any CPU.Build.0 = Debug|Any CPU
		{9EE3CF65-2866-46C8-8E48-9923C0185714}.Release|Any CPU.ActiveCfg = Release|Any CPU
		{9EE3CF65-2866-46C8-8E48-9923C0185714}.Release|Any CPU.Build.0 = Release|Any CPU
		{499BCDD1-DF22-461B-9F8D-8E725BFFF32F}.Debug|Any CPU.ActiveCfg = Debug|Any CPU
		{499BCDD1-DF22-461B-9F8D-8E725BFFF32F}.Debug|Any CPU.Build.0 = Debug|Any CPU
		{499BCDD1-DF22-461B-9F8D-8E725BFFF32F}.Release|Any CPU.ActiveCfg = Release|Any CPU
		{499BCDD1-DF22-461B-9F8D-8E725BFFF32F}.Release|Any CPU.Build.0 = Release|Any CPU
	EndGlobalSection
	GlobalSection(SolutionProperties) = preSolution
		HideSolutionNode = FALSE
	EndGlobalSection
	GlobalSection(ExtensibilityGlobals) = postSolution
		SolutionGuid = {6B08F5DF-0C0A-4E28-A0DF-2989FCE6E692}
	EndGlobalSection
EndGlobal
